{
  "name": "order-system-ui",
  "version": "1.0.0",
  "lockfileVersion": 3,
  "requires": true,
  "packages": {
    "": {
      "name": "order-system-ui",
      "version": "1.0.0",
      "license": "ISC",
      "dependencies": {
        "v-fit-columns": "^0.2.0"
      }
    },
    "node_modules/v-fit-columns": {
      "version": "0.2.0",
      "resolved": "https://registry.npmjs.org/v-fit-columns/-/v-fit-columns-0.2.0.tgz",
      "integrity": "sha512-xR0jIFmTyJeg4VZgEx7z8BIijZnHQegtbwAhG3L3TmyAoq/TXk7H6vzFLNxAVzOj9pSpO/0B2mf7jmuO2nE4Ag==",
      "license": "MIT"
    }
  }
}
